<?xml version="1.0" encoding="utf-8"?>
<Project ToolsVersion="4.0" xmlns="http://schemas.microsoft.com/developer/msbuild/2003">
  <ItemGroup>
    <Filter Include="Source Files">
      <UniqueIdentifier>{4FC737F1-C7A5-4376-A066-2A32D752A2FF}</UniqueIdentifier>
      <Extensions>cpp;c;cc;cxx;def;odl;idl;hpj;bat;asm;asmx</Extensions>
    </Filter>
    <Filter Include="Header Files">
      <UniqueIdentifier>{93995380-89BD-4b04-88EB-625FBE52EBFB}</UniqueIdentifier>
      <Extensions>h;hh;hpp;hxx;hm;inl;inc;xsd</Extensions>
    </Filter>
    <Filter Include="Resource Files">
      <UniqueIdentifier>{67DA6AB6-F800-4c08-8B7A-83BB121AAD01}</UniqueIdentifier>
      <Extensions>rc;ico;cur;bmp;dlg;rc2;rct;bin;rgs;gif;jpg;jpeg;jpe;resx;tiff;tif;png;wav;mfcribbon-ms</Extensions>
    </Filter>
  </ItemGroup>
  <ItemGroup>
    <None Include="arduino-startleggs.ino" />
  </ItemGroup>
  <ItemGroup>
    <ClInclude Include="__vm\.arduino-startleggs.vsarduino.h">
      <Filter>Header Files</Filter>
    </ClInclude>
    <ClInclude Include="Startleggs.h">
      <Filter>Header Files</Filter>
    </ClInclude>
    <ClInclude Include="Units\Buzzer.h">
      <Filter>Header Files</Filter>
    </ClInclude>
    <ClInclude Include="Units\ColorSensor.h">
      <Filter>Header Files</Filter>
    </ClInclude>
    <ClInclude Include="Units\LED.h">
      <Filter>Header Files</Filter>
    </ClInclude>
    <ClInclude Include="Units\LEDMatrix.h">
      <Filter>Header Files</Filter>
    </ClInclude>
    <ClInclude Include="Units\Pin.h">
      <Filter>Header Files</Filter>
    </ClInclude>
    <ClInclude Include="Units\Serial.h">
      <Filter>Header Files</Filter>
    </ClInclude>
    <ClInclude Include="Units\SteeringGear.h">
      <Filter>Header Files</Filter>
    </ClInclude>
    <ClInclude Include="Units\SteppingMotor.h">
      <Filter>Header Files</Filter>
    </ClInclude>
    <ClInclude Include="Units\Switch.h">
      <Filter>Header Files</Filter>
    </ClInclude>
    <ClInclude Include="Units\TimerOne.h">
      <Filter>Header Files</Filter>
    </ClInclude>
    <ClInclude Include="Units\pitches.h">
      <Filter>Header Files</Filter>
    </ClInclude>
  </ItemGroup>
  <ItemGroup>
    <ClCompile Include="Startleggs.cpp">
      <Filter>Source Files</Filter>
    </ClCompile>
    <ClCompile Include="Units\Buzzer.cpp">
      <Filter>Source Files</Filter>
    </ClCompile>
    <ClCompile Include="Units\ColorSensor.cpp">
      <Filter>Source Files</Filter>
    </ClCompile>
    <ClCompile Include="Units\LED.cpp">
      <Filter>Source Files</Filter>
    </ClCompile>
    <ClCompile Include="Units\LEDMatrix.cpp">
      <Filter>Source Files</Filter>
    </ClCompile>
    <ClCompile Include="Units\Pin.cpp">
      <Filter>Source Files</Filter>
    </ClCompile>
    <ClCompile Include="Units\Serial.cpp">
      <Filter>Source Files</Filter>
    </ClCompile>
    <ClCompile Include="Units\SteeringGear.cpp">
      <Filter>Source Files</Filter>
    </ClCompile>
    <ClCompile Include="Units\SteppingMotor.cpp">
      <Filter>Source Files</Filter>
    </ClCompile>
    <ClCompile Include="Units\Switch.cpp">
      <Filter>Source Files</Filter>
    </ClCompile>
    <ClCompile Include="Units\TimerOne.cpp">
      <Filter>Source Files</Filter>
    </ClCompile>
  </ItemGroup>
</Project>